# THIS IS AN AUTOGENERATED FILE. DO NOT EDIT THIS FILE DIRECTLY.
# yarn lockfile v1


commander@^2.20.0:
  version "2.20.0"
  resolved "https://registry.yarnpkg.com/commander/-/commander-2.20.0.tgz#d58bb2b5c1ee8f87b0d340027e9e94e222c5a422"
  integrity sha512-7j2y+40w61zy6YC2iRNpUe/NwhNyoXrYpHMrSunaMG64nRnaf96zO/KMQR4OyN/UnE5KLyEBnKHd4aG3rskjpQ==

debug@^4.0.1:
  version "4.1.1"
  resolved "https://registry.yarnpkg.com/debug/-/debug-4.1.1.tgz#3b72260255109c6b589cee050f1d516139664791"
  integrity sha512-pYAIzeRo8J6KPEaJ0VWOh5Pzkbw/RetuzehGM7QRRX5he4fPHx2rdKMB256ehJCkX+XRQm16eZLqLNS8RSZXZw==
  dependencies:
    ms "^2.1.1"

fuzzy-search@^3.0.1:
  version "3.0.1"
  resolved "https://registry.yarnpkg.com/fuzzy-search/-/fuzzy-search-3.0.1.tgz#14a4964508a9607d6e9a88818e7ff634108260b6"
  integrity sha512-rjUvzdsMlOyarm0oD5k6zVQwgvt4Tb5Xe3YdIGU+Vogw54+ueAGPUTMU2B9jfPQEie5cD11i/S9J9d+MNBSQ3Q==

ms@^2.1.1:
  version "2.1.1"
  resolved "https://registry.yarnpkg.com/ms/-/ms-2.1.1.tgz#30a5864eb3ebb0a66f2ebe6d727af06a09d86e0a"
  integrity sha512-tgp+dl5cGk28utYktBsrFqA7HKgrhgPsg6Z/EfhWI4gl1Hwq8B/GmY/0oXZ6nF8hDVesS/FpnYaD/kOWhYQvyg==

picomatch@^2.0.4:
  version "2.0.7"
  resolved "https://registry.yarnpkg.com/picomatch/-/picomatch-2.0.7.tgz#514169d8c7cd0bdbeecc8a2609e34a7163de69f6"
  integrity sha512-oLHIdio3tZ0qH76NybpeneBhYVj0QFTfXEFTc/B3zKQspYfYYkWYgFsmzo+4kvId/bQRcNkVeguI3y+CD22BtA==

prettier@^1.18.2:
  version "1.18.2"
  resolved "https://registry.yarnpkg.com/prettier/-/prettier-1.18.2.tgz#6823e7c5900017b4bd3acf46fe9ac4b4d7bda9ea"
  integrity sha512-OeHeMc0JhFE9idD4ZdtNibzY0+TPHSpSSb9h8FqtP+YnoZZ1sl8Vc9b1sasjfymH3SonAF4QcA2+mzHPhMvIiw==

readdirp@^3.0.2:
  version "3.0.2"
  resolved "https://registry.yarnpkg.com/readdirp/-/readdirp-3.0.2.tgz#cba63348e9e42fc1bd334b1d2ef895b6a043cbd6"
  integrity sha512-LbyJYv48eywrhOlScq16H/VkCiGKGPC2TpOdZCJ7QXnYEjn3NN/Oblh8QEU3vqfSRBB7OGvh5x45NKiVeNujIQ==
  dependencies:
    picomatch "^2.0.4"

simple-git@^1.113.0:
  version "1.113.0"
  resolved "https://registry.yarnpkg.com/simple-git/-/simple-git-1.113.0.tgz#668989728a1e9cf4ec6c72b69ea2eecc93489bea"
  integrity sha512-i9WVsrK2u0G/cASI9nh7voxOk9mhanWY9eGtWBDSYql6m49Yk5/Fan6uZsDr/xmzv8n+eQ8ahKCoEr8cvU3h+g==
  dependencies:
    debug "^4.0.1"
